// !$*UTF8*$!
{
	archiveVersion = 1;
	classes = {
	};
	objectVersion = 50;
	objects = {

/* Begin PBXBuildFile section */
		56B79B17211D375E00E94F30 /* AppDelegate.swift in Sources */ = {isa = PBXBuildFile; fileRef = 56B79B16211D375E00E94F30 /* AppDelegate.swift */; };
		56B79B19211D375E00E94F30 /* ViewController.swift in Sources */ = {isa = PBXBuildFile; fileRef = 56B79B18211D375E00E94F30 /* ViewController.swift */; };
		56B79B1C211D375E00E94F30 /* Main.storyboard in Resources */ = {isa = PBXBuildFile; fileRef = 56B79B1A211D375E00E94F30 /* Main.storyboard */; };
		56B79B1E211D375F00E94F30 /* Assets.xcassets in Resources */ = {isa = PBXBuildFile; fileRef = 56B79B1D211D375F00E94F30 /* Assets.xcassets */; };
		56B79B21211D375F00E94F30 /* LaunchScreen.storyboard in Resources */ = {isa = PBXBuildFile; fileRef = 56B79B1F211D375F00E94F30 /* LaunchScreen.storyboard */; };
		56B79B29211D594A00E94F30 /* SqueezeNet.mlmodel in Sources */ = {isa = PBXBuildFile; fileRef = 56B79B28211D594A00E94F30 /* SqueezeNet.mlmodel */; };
		56B79B2C211D5D6700E94F30 /* MobileNet.mlmodel in Sources */ = {isa = PBXBuildFile; fileRef = 56B79B2B211D5D6700E94F30 /* MobileNet.mlmodel */; };
		56B79B2E211D5D7600E94F30 /* GoogLeNetPlaces.mlmodel in Sources */ = {isa = PBXBuildFile; fileRef = 56B79B2D211D5D7600E94F30 /* GoogLeNetPlaces.mlmodel */; };
		56B79B30211D5D8800E94F30 /* Resnet50.mlmodel in Sources */ = {isa = PBXBuildFile; fileRef = 56B79B2F211D5D8800E94F30 /* Resnet50.mlmodel */; };
/* End PBXBuildFile section */

/* Begin PBXFileReference section */
		56B79B13211D375E00E94F30 /* CameraObjectDetection.app */ = {isa = PBXFileReference; explicitFileType = wrapper.application; includeInIndex = 0; path = CameraObjectDetection.app; sourceTree = BUILT_PRODUCTS_DIR; };
		56B79B16211D375E00E94F30 /* AppDelegate.swift */ = {isa = PBXFileReference; lastKnownFileType = sourcecode.swift; path = AppDelegate.swift; sourceTree = "<group>"; };
		56B79B18211D375E00E94F30 /* ViewController.swift */ = {isa = PBXFileReference; lastKnownFileType = sourcecode.swift; path = ViewController.swift; sourceTree = "<group>"; };
		56B79B1B211D375E00E94F30 /* Base */ = {isa = PBXFileReference; lastKnownFileType = file.storyboard; name = Base; path = Base.lproj/Main.storyboard; sourceTree = "<group>"; };
		56B79B1D211D375F00E94F30 /* Assets.xcassets */ = {isa = PBXFileReference; lastKnownFileType = folder.assetcatalog; path = Assets.xcassets; sourceTree = "<group>"; };
		56B79B20211D375F00E94F30 /* Base */ = {isa = PBXFileReference; lastKnownFileType = file.storyboard; name = Base; path = Base.lproj/LaunchScreen.storyboard; sourceTree = "<group>"; };
		56B79B22211D375F00E94F30 /* Info.plist */ = {isa = PBXFileReference; lastKnownFileType = text.plist.xml; path = Info.plist; sourceTree = "<group>"; };
		56B79B28211D594A00E94F30 /* SqueezeNet.mlmodel */ = {isa = PBXFileReference; lastKnownFileType = file.mlmodel; path = SqueezeNet.mlmodel; sourceTree = "<group>"; };
		56B79B2B211D5D6700E94F30 /* MobileNet.mlmodel */ = {isa = PBXFileReference; lastKnownFileType = file.mlmodel; path = MobileNet.mlmodel; sourceTree = "<group>"; };
		56B79B2D211D5D7600E94F30 /* GoogLeNetPlaces.mlmodel */ = {isa = PBXFileReference; lastKnownFileType = file.mlmodel; path = GoogLeNetPlaces.mlmodel; sourceTree = "<group>"; };
		56B79B2F211D5D8800E94F30 /* Resnet50.mlmodel */ = {isa = PBXFileReference; lastKnownFileType = file.mlmodel; path = Resnet50.mlmodel; sourceTree = "<group>"; };
/* End PBXFileReference section */

/* Begin PBXFrameworksBuildPhase section */
		56B79B10211D375E00E94F30 /* Frameworks */ = {
			isa = PBXFrameworksBuildPhase;
			buildActionMask = 2147483647;
			files = (
			);
			runOnlyForDeploymentPostprocessing = 0;
		};
/* End PBXFrameworksBuildPhase section */

/* Begin PBXGroup section */
		56B79B0A211D375E00E94F30 = {
			isa = PBXGroup;
			children = (
				56B79B15211D375E00E94F30 /* CameraObjectDetection */,
				56B79B14211D375E00E94F30 /* Products */,
			);
			sourceTree = "<group>";
		};
		56B79B14211D375E00E94F30 /* Products */ = {
			isa = PBXGroup;
			children = (
				56B79B13211D375E00E94F30 /* CameraObjectDetection.app */,
			);
			name = Products;
			sourceTree = "<group>";
		};
		56B79B15211D375E00E94F30 /* CameraObjectDetection */ = {
			isa = PBXGroup;
			children = (
				56B79B2A211D5D5500E94F30 /* MLModel */,
				56B79B16211D375E00E94F30 /* AppDelegate.swift */,
				56B79B18211D375E00E94F30 /* ViewController.swift */,
				56B79B1A211D375E00E94F30 /* Main.storyboard */,
				56B79B1D211D375F00E94F30 /* Assets.xcassets */,
				56B79B1F211D375F00E94F30 /* LaunchScreen.storyboard */,
				56B79B22211D375F00E94F30 /* Info.plist */,
			);
			path = CameraObjectDetection;
			sourceTree = "<group>";
		};
		56B79B2A211D5D5500E94F30 /* MLModel */ = {
			isa = PBXGroup;
			children = (
				56B79B2B211D5D6700E94F30 /* MobileNet.mlmodel */,
				56B79B28211D594A00E94F30 /* SqueezeNet.mlmodel */,
				56B79B2D211D5D7600E94F30 /* GoogLeNetPlaces.mlmodel */,
				56B79B2F211D5D8800E94F30 /* Resnet50.mlmodel */,
			);
			path = MLModel;
			sourceTree = "<group>";
		};
/* End PBXGroup section */

/* Begin PBXNativeTarget section */
		56B79B12211D375E00E94F30 /* CameraObjectDetection */ = {
			isa = PBXNativeTarget;
			buildConfigurationList = 56B79B25211D375F00E94F30 /* Build configuration list for PBXNativeTarget "CameraObjectDetection" */;
			buildPhases = (
				56B79B0F211D375E00E94F30 /* Sources */,
				56B79B10211D375E00E94F30 /* Frameworks */,
				56B79B11211D375E00E94F30 /* Resources */,
			);
			buildRules = (
			);
			dependencies = (
			);
			name = CameraObjectDetection;
			productName = CameraObjectDetection;
			productReference = 56B79B13211D375E00E94F30 /* CameraObjectDetection.app */;
			productType = "com.apple.product-type.application";
		};
/* End PBXNativeTarget section */

/* Begin PBXProject section */
		56B79B0B211D375E00E94F30 /* Project object */ = {
			isa = PBXProject;
			attributes = {
				LastSwiftUpdateCheck = 0940;
				LastUpgradeCheck = 0940;
				ORGANIZATIONNAME = JAEJIN;
				TargetAttributes = {
					56B79B12211D375E00E94F30 = {
						CreatedOnToolsVersion = 9.4.1;
					};
				};
			};
			buildConfigurationList = 56B79B0E211D375E00E94F30 /* Build configuration list for PBXProject "CameraObjectDetection" */;
			compatibilityVersion = "Xcode 9.3";
			developmentRegion = en;
			hasScannedForEncodings = 0;
			knownRegions = (
				en,
				Base,
			);
			mainGroup = 56B79B0A211D375E00E94F30;
			productRefGroup = 56B79B14211D375E00E94F30 /* Products */;
			projectDirPath = "";
			projectRoot = "";
			targets = (
				56B79B12211D375E00E94F30 /* CameraObjectDetection */,
			);
		};
/* End PBXProject section */

/* Begin PBXResourcesBuildPhase section */
		56B79B11211D375E00E94F30 /* Resources */ = {
			isa = PBXResourcesBuildPhase;
			buildActionMask = 2147483647;
			files = (
				56B79B21211D375F00E94F30 /* LaunchScreen.storyboard in Resources */,
				56B79B1E211D375F00E94F30 /* Assets.xcassets in Resources */,
				56B79B1C211D375E00E94F30 /* Main.storyboard in Resources */,
			);
			runOnlyForDeploymentPostprocessing = 0;
		};
/* End PBXResourcesBuildPhase section */

/* Begin PBXSourcesBuildPhase section */
		56B79B0F211D375E00E94F30 /* Sources */ = {
			isa = PBXSourcesBuildPhase;
			buildActionMask = 2147483647;
			files = (
				56B79B2C211D5D6700E94F30 /* MobileNet.mlmodel in Sources */,
				56B79B2E211D5D7600E94F30 /* GoogLeNetPlaces.mlmodel in Sources */,
				56B79B19211D375E00E94F30 /* ViewController.swift in Sources */,
				56B79B29211D594A00E94F30 /* SqueezeNet.mlmodel in Sources */,
				56B79B30211D5D8800E94F30 /* Resnet50.mlmodel in Sources */,
				56B79B17211D375E00E94F30 /* AppDelegate.swift in Sources */,
			);
			runOnlyForDeploymentPostprocessing = 0;
		};
/* End PBXSourcesBuildPhase section */

/* Begin PBXVariantGroup section */
		56B79B1A211D375E00E94F30 /* Main.storyboard */ = {
			isa = PBXVariantGroup;
			children = (
				56B79B1B211D375E00E94F30 /* Base */,
			);
			name = Main.storyboard;
			sourceTree = "<group>";
		};
		56B79B1F211D375F00E94F30 /* LaunchScreen.storyboard */ = {
			isa = PBXVariantGroup;
			children = (
				56B79B20211D375F00E94F30 /* Base */,
			);
			name = LaunchScreen.storyboard;
			sourceTree = "<group>";
		};
/* End PBXVariantGroup section */

/* Begin XCBuildConfiguration section */
		56B79B23211D375F00E94F30 /* Debug */ = {
			isa = XCBuildConfiguration;
			buildSettings = {
				ALWAYS_SEARCH_USER_PATHS = NO;
				CLANG_ANALYZER_NONNULL = YES;
				CLANG_ANALYZER_NUMBER_OBJECT_CONVERSION = YES_AGGRESSIVE;
				CLANG_CXX_LANGUAGE_STANDARD = "gnu++14";
				CLANG_CXX_LIBRARY = "libc++";
				CLANG_ENABLE_MODULES = YES;
				CLANG_ENABLE_OBJC_ARC = YES;
				CLANG_ENABLE_OBJC_WEAK = YES;
				CLANG_WARN_BLOCK_CAPTURE_AUTORELEASING = YES;
				CLANG_WARN_BOOL_CONVERSION = YES;
				CLANG_WARN_COMMA = YES;
				CLANG_WARN_CONSTANT_CONVERSION = YES;
				CLANG_WARN_DEPRECATED_OBJC_IMPLEMENTATIONS = YES;
				CLANG_WARN_DIRECT_OBJC_ISA_USAGE = YES_ERROR;
				CLANG_WARN_DOCUMENTATION_COMMENTS = YES;
				CLANG_WARN_EMPTY_BODY = YES;
				CLANG_WARN_ENUM_CONVERSION = YES;
				CLANG_WARN_INFINITE_RECURSION = YES;
				CLANG_WARN_INT_CONVERSION = YES;
				CLANG_WARN_NON_LITERAL_NULL_CONVERSION = YES;
				CLANG_WARN_OBJC_IMPLICIT_RETAIN_SELF = YES;
				CLANG_WARN_OBJC_LITERAL_CONVERSION = YES;
				CLANG_WARN_OBJC_ROOT_CLASS = YES_ERROR;
				CLANG_WARN_RANGE_LOOP_ANALYSIS = YES;
				CLANG_WARN_STRICT_PROTOTYPES = YES;
				CLANG_WARN_SUSPICIOUS_MOVE = YES;
				CLANG_WARN_UNGUARDED_AVAILABILITY = YES_AGGRESSIVE;
				CLANG_WARN_UNREACHABLE_CODE = YES;
				CLANG_WARN__DUPLICATE_METHOD_MATCH = YES;
				CODE_SIGN_IDENTITY = "iPhone Developer";
				COPY_PHASE_STRIP = NO;
				DEBUG_INFORMATION_FORMAT = dwarf;
				ENABLE_STRICT_OBJC_MSGSEND = YES;
				ENABLE_TESTABILITY = YES;
				GCC_C_LANGUAGE_STANDARD = gnu11;
				GCC_DYNAMIC_NO_PIC = NO;
				GCC_NO_COMMON_BLOCKS = YES;
				GCC_OPTIMIZATION_LEVEL = 0;
				GCC_PREPROCESSOR_DEFINITIONS = (
					"DEBUG=1",
					"$(inherited)",
				);
				GCC_WARN_64_TO_32_BIT_CONVERSION = YES;
				GCC_WARN_ABOUT_RETURN_TYPE = YES_ERROR;
				GCC_WARN_UNDECLARED_SELECTOR = YES;
				GCC_WARN_UNINITIALIZED_AUTOS = YES_AGGRESSIVE;
				GCC_WARN_UNUSED_FUNCTION = YES;
				GCC_WARN_UNUSED_VARIABLE = YES;
				IPHONEOS_DEPLOYMENT_TARGET = 11.4;
				MTL_ENABLE_DEBUG_INFO = YES;
				ONLY_ACTIVE_ARCH = YES;
				SDKROOT = iphoneos;
				SWIFT_ACTIVE_COMPILATION_CONDITIONS = DEBUG;
				SWIFT_OPTIMIZATION_LEVEL = "-Onone";
			};
			name = Debug;
		};
		56B79B24211D375F00E94F30 /* Release */ = {
			isa = XCBuildConfiguration;
			buildSettings = {
				ALWAYS_SEARCH_USER_PATHS = NO;
				CLANG_ANALYZER_NONNULL = YES;
				CLANG_ANALYZER_NUMBER_OBJECT_CONVERSION = YES_AGGRESSIVE;
				CLANG_CXX_LANGUAGE_STANDARD = "gnu++14";
				CLANG_CXX_LIBRARY = "libc++";
				CLANG_ENABLE_MODULES = YES;
				CLANG_ENABLE_OBJC_ARC = YES;
				CLANG_ENABLE_OBJC_WEAK = YES;
				CLANG_WARN_BLOCK_CAPTURE_AUTORELEASING = YES;
				CLANG_WARN_BOOL_CONVERSION = YES;
				CLANG_WARN_COMMA = YES;
				CLANG_WARN_CONSTANT_CONVERSION = YES;
				CLANG_WARN_DEPRECATED_OBJC_IMPLEMENTATIONS = YES;
				CLANG_WARN_DIRECT_OBJC_ISA_USAGE = YES_ERROR;
				CLANG_WARN_DOCUMENTATION_COMMENTS = YES;
				CLANG_WARN_EMPTY_BODY = YES;
				CLANG_WARN_ENUM_CONVERSION = YES;
				CLANG_WARN_INFINITE_RECURSION = YES;
				CLANG_WARN_INT_CONVERSION = YES;
				CLANG_WARN_NON_LITERAL_NULL_CONVERSION = YES;
				CLANG_WARN_OBJC_IMPLICIT_RETAIN_SELF = YES;
				CLANG_WARN_OBJC_LITERAL_CONVERSION = YES;
				CLANG_WARN_OBJC_ROOT_CLASS = YES_ERROR;
				CLANG_WARN_RANGE_LOOP_ANALYSIS = YES;
				CLANG_WARN_STRICT_PROTOTYPES = YES;
				CLANG_WARN_SUSPICIOUS_MOVE = YES;
				CLANG_WARN_UNGUARDED_AVAILABILITY = YES_AGGRESSIVE;
				CLANG_WARN_UNREACHABLE_CODE = YES;
				CLANG_WARN__DUPLICATE_METHOD_MATCH = YES;
				CODE_SIGN_IDENTITY = "iPhone Developer";
				COPY_PHASE_STRIP = NO;
				DEBUG_INFORMATION_FORMAT = "dwarf-with-dsym";
				ENABLE_NS_ASSERTIONS = NO;
				ENABLE_STRICT_OBJC_MSGSEND = YES;
				GCC_C_LANGUAGE_STANDARD = gnu11;
				GCC_NO_COMMON_BLOCKS = YES;
				GCC_WARN_64_TO_32_BIT_CONVERSION = YES;
				GCC_WARN_ABOUT_RETURN_TYPE = YES_ERROR;
				GCC_WARN_UNDECLARED_SELECTOR = YES;
				GCC_WARN_UNINITIALIZED_AUTOS = YES_AGGRESSIVE;
				GCC_WARN_UNUSED_FUNCTION = YES;
				GCC_WARN_UNUSED_VARIABLE = YES;
				IPHONEOS_DEPLOYMENT_TARGET = 11.4;
				MTL_ENABLE_DEBUG_INFO = NO;
				SDKROOT = iphoneos;
				SWIFT_COMPILATION_MODE = wholemodule;
				SWIFT_OPTIMIZATION_LEVEL = "-O";
				VALIDATE_PRODUCT = YES;
			};
			name = Release;
		};
		56B79B26211D375F00E94F30 /* Debug */ = {
			isa = XCBuildConfiguration;
			buildSettings = {
				ASSETCATALOG_COMPILER_APPICON_NAME = AppIcon;
				CODE_SIGN_STYLE = Automatic;
				DEVELOPMENT_TEAM = 64NX5H9B23;
				INFOPLIST_FILE = CameraObjectDetection/Info.plist;
				LD_RUNPATH_SEARCH_PATHS = (
					"$(inherited)",
					"@executable_path/Frameworks",
				);
				PRODUCT_BUNDLE_IDENTIFIER = com.jaejin.CameraObjectDetection;
				PRODUCT_NAME = "$(TARGET_NAME)";
				SWIFT_VERSION = 4.0;
				TARGETED_DEVICE_FAMILY = "1,2";
			};
			name = Debug;
		};
		56B79B27211D375F00E94F30 /* Release */ = {
			isa = XCBuildConfiguration;
			buildSettings = {
				ASSETCATALOG_COMPILER_APPICON_NAME = AppIcon;
				CODE_SIGN_STYLE = Automatic;
				DEVELOPMENT_TEAM = 64NX5H9B23;
				INFOPLIST_FILE = CameraObjectDetection/Info.plist;
				LD_RUNPATH_SEARCH_PATHS = (
					"$(inherited)",
					"@executable_path/Frameworks",
				);
				PRODUCT_BUNDLE_IDENTIFIER = com.jaejin.CameraObjectDetection;
				PRODUCT_NAME = "$(TARGET_NAME)";
				SWIFT_VERSION = 4.0;
				TARGETED_DEVICE_FAMILY = "1,2";
			};
			name = Release;
		};
/* End XCBuildConfiguration section */

/* Begin XCConfigurationList section */
		56B79B0E211D375E00E94F30 /* Build configuration list for PBXProject "CameraObjectDetection" */ = {
			isa = XCConfigurationList;
			buildConfigurations = (
				56B79B23211D375F00E94F30 /* Debug */,
				56B79B24211D375F00E94F30 /* Release */,
			);
			defaultConfigurationIsVisible = 0;
			defaultConfigurationName = Release;
		};
		56B79B25211D375F00E94F30 /* Build configuration list for PBXNativeTarget "CameraObjectDetection" */ = {
			isa = XCConfigurationList;
			buildConfigurations = (
				56B79B26211D375F00E94F30 /* Debug */,
				56B79B27211D375F00E94F30 /* Release */,
			);
			defaultConfigurationIsVisible = 0;
			defaultConfigurationName = Release;
		};
/* End XCConfigurationList section */
	};
	rootObject = 56B79B0B211D375E00E94F30 /* Project object */;
}
